
Microsoft Visual Studio Solution File, Format Version 12.00
# Visual Studio 14
VisualStudioVersion = 14.0.25420.1
MinimumVisualStudioVersion = 10.0.40219.1
Project("{FAE04EC0-301F-11D3-BF4B-00C04F79EFBC}") = "Lab1(3)", "Lab1(3)\Lab1(3).csproj", "{A81BA196-63A6-4D27-A326-036EF03E46FF}"
EndProject
Global
	GlobalSection(SolutionConfigurationPlatforms) = preSolution
		Debug|Any CPU = Debug|Any CPU
		Release|Any CPU = Release|Any CPU
	EndGlobalSection
	GlobalSection(ProjectConfigurationPlatforms) = postSolution
		{A81BA196-63A6-4D27-A326-036EF03E46FF}.Debug|Any CPU.ActiveCfg = Debug|Any CPU
		{A81BA196-63A6-4D27-A326-036EF03E46FF}.Debug|Any CPU.Build.0 = Debug|Any CPU
		{A81BA196-63A6-4D27-A326-036EF03E46FF}.Release|Any CPU.ActiveCfg = Release|Any CPU
		{A81BA196-63A6-4D27-A326-036EF03E46FF}.Release|Any CPU.Build.0 = Release|Any CPU
	EndGlobalSection
	GlobalSection(SolutionProperties) = preSolution
		HideSolutionNode = FALSE
	EndGlobalSection
EndGlobal
